
Microsoft Visual Studio Solution File, Format Version 12.00
# Visual Studio Version 16
VisualStudioVersion = 16.0.30320.27
MinimumVisualStudioVersion = 10.0.40219.1
Project("{FAE04EC0-301F-11D3-BF4B-00C04F79EFBC}") = "EmployeePayrollRestSharp", "EmployeePayrollRestSharp.csproj", "{6922CD44-FE29-49C2-BA21-237754778B28}"
EndProject
Project("{FAE04EC0-301F-11D3-BF4B-00C04F79EFBC}") = "TestRestSharp", "..\TestRestSharp\TestRestSharp.csproj", "{E1B9C1B9-4A14-4759-BCC3-2C4F8DA9276A}"
EndProject
Global
	GlobalSection(SolutionConfigurationPlatforms) = preSolution
		Debug|Any CPU = Debug|Any CPU
		Release|Any CPU = Release|Any CPU
	EndGlobalSection
	GlobalSection(ProjectConfigurationPlatforms) = postSolution
		{6922CD44-FE29-49C2-BA21-237754778B28}.Debug|Any CPU.ActiveCfg = Debug|Any CPU
		{6922CD44-FE29-49C2-BA21-237754778B28}.Debug|Any CPU.Build.0 = Debug|Any CPU
		{6922CD44-FE29-49C2-BA21-237754778B28}.Release|Any CPU.ActiveCfg = Release|Any CPU
		{6922CD44-FE29-49C2-BA21-237754778B28}.Release|Any CPU.Build.0 = Release|Any CPU
		{E1B9C1B9-4A14-4759-BCC3-2C4F8DA9276A}.Debug|Any CPU.ActiveCfg = Debug|Any CPU
		{E1B9C1B9-4A14-4759-BCC3-2C4F8DA9276A}.Debug|Any CPU.Build.0 = Debug|Any CPU
		{E1B9C1B9-4A14-4759-BCC3-2C4F8DA9276A}.Release|Any CPU.ActiveCfg = Release|Any CPU
		{E1B9C1B9-4A14-4759-BCC3-2C4F8DA9276A}.Release|Any CPU.Build.0 = Release|Any CPU
	EndGlobalSection
	GlobalSection(SolutionProperties) = preSolution
		HideSolutionNode = FALSE
	EndGlobalSection
	GlobalSection(ExtensibilityGlobals) = postSolution
		SolutionGuid = {0E0FCFA3-F576-43C9-9F5E-EBFD32C774F3}
	EndGlobalSection
EndGlobal
